
Microsoft Visual Studio Solution File, Format Version 12.00
# Visual Studio Version 16
VisualStudioVersion = 16.0.30011.22
MinimumVisualStudioVersion = 10.0.40219.1
Project("{FAE04EC0-301F-11D3-BF4B-00C04F79EFBC}") = "SclManagementSystem.Web", "SclManagementSystem.Web\SclManagementSystem.Web.csproj", "{5B23B41A-7DE1-4FC6-95C1-0F8F05E48EA0}"
EndProject
Project("{FAE04EC0-301F-11D3-BF4B-00C04F79EFBC}") = "SclManagementSystem.Data", "SclManagementSystem.Data\SclManagementSystem.Data.csproj", "{1DC3A44F-DD25-4E9E-8C55-05563EA33B29}"
EndProject
Global
	GlobalSection(SolutionConfigurationPlatforms) = preSolution
		Debug|Any CPU = Debug|Any CPU
		Release|Any CPU = Release|Any CPU
	EndGlobalSection
	GlobalSection(ProjectConfigurationPlatforms) = postSolution
		{5B23B41A-7DE1-4FC6-95C1-0F8F05E48EA0}.Debug|Any CPU.ActiveCfg = Debug|Any CPU
		{5B23B41A-7DE1-4FC6-95C1-0F8F05E48EA0}.Debug|Any CPU.Build.0 = Debug|Any CPU
		{5B23B41A-7DE1-4FC6-95C1-0F8F05E48EA0}.Release|Any CPU.ActiveCfg = Release|Any CPU
		{5B23B41A-7DE1-4FC6-95C1-0F8F05E48EA0}.Release|Any CPU.Build.0 = Release|Any CPU
		{1DC3A44F-DD25-4E9E-8C55-05563EA33B29}.Debug|Any CPU.ActiveCfg = Debug|Any CPU
		{1DC3A44F-DD25-4E9E-8C55-05563EA33B29}.Debug|Any CPU.Build.0 = Debug|Any CPU
		{1DC3A44F-DD25-4E9E-8C55-05563EA33B29}.Release|Any CPU.ActiveCfg = Release|Any CPU
		{1DC3A44F-DD25-4E9E-8C55-05563EA33B29}.Release|Any CPU.Build.0 = Release|Any CPU
	EndGlobalSection
	GlobalSection(SolutionProperties) = preSolution
		HideSolutionNode = FALSE
	EndGlobalSection
	GlobalSection(ExtensibilityGlobals) = postSolution
		SolutionGuid = {6C2CC09E-02C9-4763-8EE0-F052BDB67DB7}
	EndGlobalSection
EndGlobal
